
Microsoft Visual Studio Solution File, Format Version 12.00
# Visual Studio Version 17
VisualStudioVersion = 17.14.36202.13 d17.14
MinimumVisualStudioVersion = 10.0.40219.1
Project("{FAE04EC0-301F-11D3-BF4B-00C04F79EFBC}") = "Dashboard", "Dashboard\Dashboard.csproj", "{CFA781AA-D4A6-4490-8762-B9014A8C6214}"
EndProject
Global
	GlobalSection(SolutionConfigurationPlatforms) = preSolution
		Debug|Any CPU = Debug|Any CPU
		Release|Any CPU = Release|Any CPU
	EndGlobalSection
	GlobalSection(ProjectConfigurationPlatforms) = postSolution
		{CFA781AA-D4A6-4490-8762-B9014A8C6214}.Debug|Any CPU.ActiveCfg = Debug|Any CPU
		{CFA781AA-D4A6-4490-8762-B9014A8C6214}.Debug|Any CPU.Build.0 = Debug|Any CPU
		{CFA781AA-D4A6-4490-8762-B9014A8C6214}.Release|Any CPU.ActiveCfg = Release|Any CPU
		{CFA781AA-D4A6-4490-8762-B9014A8C6214}.Release|Any CPU.Build.0 = Release|Any CPU
	EndGlobalSection
	GlobalSection(SolutionProperties) = preSolution
		HideSolutionNode = FALSE
	EndGlobalSection
	GlobalSection(ExtensibilityGlobals) = postSolution
		SolutionGuid = {F2910537-8E73-4B73-B88E-EFAFFA339D4D}
	EndGlobalSection
EndGlobal
